PODS:
  - Alamofire (5.0.5)
  - Kingfisher (7.11.0)

DEPENDENCIES:
  - Alamofire (~> 5.0.0-rc.2)
  - Kingfisher

SPEC REPOS:
  trunk:
    - Alamofire
    - Kingfisher

SPEC CHECKSUMS:
  Alamofire: df2f8f826963b08b9a870791ad48e07a10090b2e
  Kingfisher: b9c985d864d43515f404f1ef4a8ce7d802ace3ac

PODFILE CHECKSUM: ce7751569eff1d044368c239b6464ee43223340a

COCOAPODS: 1.8.4
